
Microsoft Visual Studio Solution File, Format Version 12.00
# Visual Studio Version 17
VisualStudioVersion = 17.6.33829.357
MinimumVisualStudioVersion = 10.0.40219.1
Project("{FAE04EC0-301F-11D3-BF4B-00C04F79EFBC}") = "MovieStoreAppList", "MovieStoreAppList.csproj", "{EC6BFAC4-08D7-4597-8C68-F83D11631E91}"
EndProject
Global
	GlobalSection(SolutionConfigurationPlatforms) = preSolution
		Debug|Any CPU = Debug|Any CPU
		Release|Any CPU = Release|Any CPU
	EndGlobalSection
	GlobalSection(ProjectConfigurationPlatforms) = postSolution
		{EC6BFAC4-08D7-4597-8C68-F83D11631E91}.Debug|Any CPU.ActiveCfg = Debug|Any CPU
		{EC6BFAC4-08D7-4597-8C68-F83D11631E91}.Debug|Any CPU.Build.0 = Debug|Any CPU
		{EC6BFAC4-08D7-4597-8C68-F83D11631E91}.Release|Any CPU.ActiveCfg = Release|Any CPU
		{EC6BFAC4-08D7-4597-8C68-F83D11631E91}.Release|Any CPU.Build.0 = Release|Any CPU
	EndGlobalSection
	GlobalSection(SolutionProperties) = preSolution
		HideSolutionNode = FALSE
	EndGlobalSection
	GlobalSection(ExtensibilityGlobals) = postSolution
		SolutionGuid = {3F3A081A-4380-4AB0-BEAE-778D5F49C47C}
	EndGlobalSection
EndGlobal
